
Microsoft Visual Studio Solution File, Format Version 12.00
# Visual Studio Version 17
VisualStudioVersion = 17.9.34518.117
MinimumVisualStudioVersion = 10.0.40219.1
Project("{FAE04EC0-301F-11D3-BF4B-00C04F79EFBC}") = "P5X_vFileContentExtract", "P5X_vFileContentExtract.csproj", "{E283F5ED-4331-4293-B780-6459FE103FED}"
EndProject
Global
	GlobalSection(SolutionConfigurationPlatforms) = preSolution
		Debug|Any CPU = Debug|Any CPU
		Release|Any CPU = Release|Any CPU
	EndGlobalSection
	GlobalSection(ProjectConfigurationPlatforms) = postSolution
		{E283F5ED-4331-4293-B780-6459FE103FED}.Debug|Any CPU.ActiveCfg = Debug|Any CPU
		{E283F5ED-4331-4293-B780-6459FE103FED}.Debug|Any CPU.Build.0 = Debug|Any CPU
		{E283F5ED-4331-4293-B780-6459FE103FED}.Release|Any CPU.ActiveCfg = Release|Any CPU
		{E283F5ED-4331-4293-B780-6459FE103FED}.Release|Any CPU.Build.0 = Release|Any CPU
	EndGlobalSection
	GlobalSection(SolutionProperties) = preSolution
		HideSolutionNode = FALSE
	EndGlobalSection
	GlobalSection(ExtensibilityGlobals) = postSolution
		SolutionGuid = {8F3A4B6E-A2CF-4891-9A42-F54E18C7C987}
	EndGlobalSection
EndGlobal
